
Microsoft Visual Studio Solution File, Format Version 12.00
# Visual Studio Version 17
VisualStudioVersion = 17.3.32901.215
MinimumVisualStudioVersion = 10.0.40219.1
Project("{8BC9CEB8-8B4A-11D0-8D11-00A0C91BC942}") = "Game", "Game\Game.vcxproj", "{742CABF6-93C8-4EFB-B280-21E90BAF9664}"
EndProject
Project("{8BC9CEB8-8B4A-11D0-8D11-00A0C91BC942}") = "Engine", "Engine\Engine.vcxproj", "{BC2C3131-5759-409F-A822-57321CAB6607}"
EndProject
Project("{8BC9CEB8-8B4A-11D0-8D11-00A0C91BC942}") = "Editor", "Editor\Editor.vcxproj", "{607D5EDA-A8BF-49C9-B919-E9FACBC902BB}"
EndProject
Project("{8BC9CEB8-8B4A-11D0-8D11-00A0C91BC942}") = "Launcher", "Launcher\Launcher.vcxproj", "{DAA6E2E9-3585-41A3-A22B-A92D2447C6D1}"
EndProject
Global
	GlobalSection(SolutionConfigurationPlatforms) = preSolution
		Debug|x64 = Debug|x64
		Release|x64 = Release|x64
	EndGlobalSection
	GlobalSection(ProjectConfigurationPlatforms) = postSolution
		{742CABF6-93C8-4EFB-B280-21E90BAF9664}.Debug|x64.ActiveCfg = Debug|x64
		{742CABF6-93C8-4EFB-B280-21E90BAF9664}.Debug|x64.Build.0 = Debug|x64
		{742CABF6-93C8-4EFB-B280-21E90BAF9664}.Release|x64.ActiveCfg = Release|x64
		{742CABF6-93C8-4EFB-B280-21E90BAF9664}.Release|x64.Build.0 = Release|x64
		{BC2C3131-5759-409F-A822-57321CAB6607}.Debug|x64.ActiveCfg = Debug|x64
		{BC2C3131-5759-409F-A822-57321CAB6607}.Debug|x64.Build.0 = Debug|x64
		{BC2C3131-5759-409F-A822-57321CAB6607}.Release|x64.ActiveCfg = Release|x64
		{BC2C3131-5759-409F-A822-57321CAB6607}.Release|x64.Build.0 = Release|x64
		{607D5EDA-A8BF-49C9-B919-E9FACBC902BB}.Debug|x64.ActiveCfg = Debug|x64
		{607D5EDA-A8BF-49C9-B919-E9FACBC902BB}.Debug|x64.Build.0 = Debug|x64
		{607D5EDA-A8BF-49C9-B919-E9FACBC902BB}.Release|x64.ActiveCfg = Release|x64
		{607D5EDA-A8BF-49C9-B919-E9FACBC902BB}.Release|x64.Build.0 = Release|x64
		{DAA6E2E9-3585-41A3-A22B-A92D2447C6D1}.Debug|x64.ActiveCfg = Debug|x64
		{DAA6E2E9-3585-41A3-A22B-A92D2447C6D1}.Debug|x64.Build.0 = Debug|x64
		{DAA6E2E9-3585-41A3-A22B-A92D2447C6D1}.Release|x64.ActiveCfg = Release|x64
		{DAA6E2E9-3585-41A3-A22B-A92D2447C6D1}.Release|x64.Build.0 = Release|x64
	EndGlobalSection
	GlobalSection(SolutionProperties) = preSolution
		HideSolutionNode = FALSE
	EndGlobalSection
	GlobalSection(ExtensibilityGlobals) = postSolution
		SolutionGuid = {007B751A-FB7C-4FA1-8EDE-C665582B2D4B}
	EndGlobalSection
EndGlobal
